
Microsoft Visual Studio Solution File, Format Version 12.00
# Visual Studio Version 16
VisualStudioVersion = 16.0.29201.188
MinimumVisualStudioVersion = 10.0.40219.1
Project("{FAE04EC0-301F-11D3-BF4B-00C04F79EFBC}") = "Entrega2_Equipo1", "Entrega2_Equipo1.csproj", "{BFF67299-2F0C-4BF6-800F-B3923302A87A}"
EndProject
Global
	GlobalSection(SolutionConfigurationPlatforms) = preSolution
		Debug|Any CPU = Debug|Any CPU
		Release|Any CPU = Release|Any CPU
	EndGlobalSection
	GlobalSection(ProjectConfigurationPlatforms) = postSolution
		{BFF67299-2F0C-4BF6-800F-B3923302A87A}.Debug|Any CPU.ActiveCfg = Debug|Any CPU
		{BFF67299-2F0C-4BF6-800F-B3923302A87A}.Debug|Any CPU.Build.0 = Debug|Any CPU
		{BFF67299-2F0C-4BF6-800F-B3923302A87A}.Release|Any CPU.ActiveCfg = Release|Any CPU
		{BFF67299-2F0C-4BF6-800F-B3923302A87A}.Release|Any CPU.Build.0 = Release|Any CPU
	EndGlobalSection
	GlobalSection(SolutionProperties) = preSolution
		HideSolutionNode = FALSE
	EndGlobalSection
	GlobalSection(ExtensibilityGlobals) = postSolution
		SolutionGuid = {4BA1D4C3-7F8E-45C4-890C-F27BC9512DCF}
	EndGlobalSection
EndGlobal
